Microsoft Visual Studio Solution File, Format Version 12.00
# Visual Studio 2013
Project("{8BC9CEB8-8B4A-11D0-8D11-00A0C91BC942}") = "ALL_BUILD", "ALL_BUILD.vcxproj", "{0EBE6FE8-819A-4F32-A747-80B684118AEE}"
	ProjectSection(ProjectDependencies) = postProject
		{8D023337-D92C-442D-A399-D1AB75276E5B} = {8D023337-D92C-442D-A399-D1AB75276E5B}
		{00056100-19E9-48B4-A9FF-1053448F0899} = {00056100-19E9-48B4-A9FF-1053448F0899}
	EndProjectSection
EndProject
Project("{8BC9CEB8-8B4A-11D0-8D11-00A0C91BC942}") = "NGHW", "NGHW.vcxproj", "{8D023337-D92C-442D-A399-D1AB75276E5B}"
	ProjectSection(ProjectDependencies) = postProject
		{00056100-19E9-48B4-A9FF-1053448F0899} = {00056100-19E9-48B4-A9FF-1053448F0899}
	EndProjectSection
EndProject
Project("{8BC9CEB8-8B4A-11D0-8D11-00A0C91BC942}") = "ZERO_CHECK", "ZERO_CHECK.vcxproj", "{00056100-19E9-48B4-A9FF-1053448F0899}"
	ProjectSection(ProjectDependencies) = postProject
	EndProjectSection
EndProject
Global
	GlobalSection(SolutionConfigurationPlatforms) = preSolution
		Debug|Win32 = Debug|Win32
		Release|Win32 = Release|Win32
		MinSizeRel|Win32 = MinSizeRel|Win32
		RelWithDebInfo|Win32 = RelWithDebInfo|Win32
	EndGlobalSection
	GlobalSection(ProjectConfigurationPlatforms) = postSolution
		{0EBE6FE8-819A-4F32-A747-80B684118AEE}.Debug|Win32.ActiveCfg = Debug|Win32
		{0EBE6FE8-819A-4F32-A747-80B684118AEE}.Release|Win32.ActiveCfg = Release|Win32
		{0EBE6FE8-819A-4F32-A747-80B684118AEE}.MinSizeRel|Win32.ActiveCfg = MinSizeRel|Win32
		{0EBE6FE8-819A-4F32-A747-80B684118AEE}.RelWithDebInfo|Win32.ActiveCfg = RelWithDebInfo|Win32
		{8D023337-D92C-442D-A399-D1AB75276E5B}.Debug|Win32.ActiveCfg = Debug|Win32
		{8D023337-D92C-442D-A399-D1AB75276E5B}.Debug|Win32.Build.0 = Debug|Win32
		{8D023337-D92C-442D-A399-D1AB75276E5B}.Release|Win32.ActiveCfg = Release|Win32
		{8D023337-D92C-442D-A399-D1AB75276E5B}.Release|Win32.Build.0 = Release|Win32
		{8D023337-D92C-442D-A399-D1AB75276E5B}.MinSizeRel|Win32.ActiveCfg = MinSizeRel|Win32
		{8D023337-D92C-442D-A399-D1AB75276E5B}.MinSizeRel|Win32.Build.0 = MinSizeRel|Win32
		{8D023337-D92C-442D-A399-D1AB75276E5B}.RelWithDebInfo|Win32.ActiveCfg = RelWithDebInfo|Win32
		{8D023337-D92C-442D-A399-D1AB75276E5B}.RelWithDebInfo|Win32.Build.0 = RelWithDebInfo|Win32
		{00056100-19E9-48B4-A9FF-1053448F0899}.Debug|Win32.ActiveCfg = Debug|Win32
		{00056100-19E9-48B4-A9FF-1053448F0899}.Debug|Win32.Build.0 = Debug|Win32
		{00056100-19E9-48B4-A9FF-1053448F0899}.Release|Win32.ActiveCfg = Release|Win32
		{00056100-19E9-48B4-A9FF-1053448F0899}.Release|Win32.Build.0 = Release|Win32
		{00056100-19E9-48B4-A9FF-1053448F0899}.MinSizeRel|Win32.ActiveCfg = MinSizeRel|Win32
		{00056100-19E9-48B4-A9FF-1053448F0899}.MinSizeRel|Win32.Build.0 = MinSizeRel|Win32
		{00056100-19E9-48B4-A9FF-1053448F0899}.RelWithDebInfo|Win32.ActiveCfg = RelWithDebInfo|Win32
		{00056100-19E9-48B4-A9FF-1053448F0899}.RelWithDebInfo|Win32.Build.0 = RelWithDebInfo|Win32
	EndGlobalSection
	GlobalSection(ExtensibilityGlobals) = postSolution
	EndGlobalSection
	GlobalSection(ExtensibilityAddIns) = postSolution
	EndGlobalSection
EndGlobal
